// !$*UTF8*$!
{
	archiveVersion = 1;
	classes = {
	};
	objectVersion = 46;
	objects = {

/* Begin PBXBuildFile section */
		0BCCA90318C5F1B700CDD38E /* Foundation.framework in Frameworks */ = {isa = PBXBuildFile; fileRef = 0BCCA90218C5F1B700CDD38E /* Foundation.framework */; };
		0BCCA90518C5F1B700CDD38E /* CoreGraphics.framework in Frameworks */ = {isa = PBXBuildFile; fileRef = 0BCCA90418C5F1B700CDD38E /* CoreGraphics.framework */; };
		0BCCA90718C5F1B700CDD38E /* UIKit.framework in Frameworks */ = {isa = PBXBuildFile; fileRef = 0BCCA90618C5F1B700CDD38E /* UIKit.framework */; };
		0BCCA90D18C5F1B700CDD38E /* InfoPlist.strings in Resources */ = {isa = PBXBuildFile; fileRef = 0BCCA90B18C5F1B700CDD38E /* InfoPlist.strings */; };
		0BCCA90F18C5F1B700CDD38E /* main.m in Sources */ = {isa = PBXBuildFile; fileRef = 0BCCA90E18C5F1B700CDD38E /* main.m */; };
		0BCCA91318C5F1B700CDD38E /* AppDelegate.m in Sources */ = {isa = PBXBuildFile; fileRef = 0BCCA91218C5F1B700CDD38E /* AppDelegate.m */; };
		0BCCA91518C5F1B700CDD38E /* Images.xcassets in Resources */ = {isa = PBXBuildFile; fileRef = 0BCCA91418C5F1B700CDD38E /* Images.xcassets */; };
		0BCCA91C18C5F1B800CDD38E /* XCTest.framework in Frameworks */ = {isa = PBXBuildFile; fileRef = 0BCCA91B18C5F1B800CDD38E /* XCTest.framework */; };
		0BCCA91D18C5F1B800CDD38E /* Foundation.framework in Frameworks */ = {isa = PBXBuildFile; fileRef = 0BCCA90218C5F1B700CDD38E /* Foundation.framework */; };
		0BCCA91E18C5F1B800CDD38E /* UIKit.framework in Frameworks */ = {isa = PBXBuildFile; fileRef = 0BCCA90618C5F1B700CDD38E /* UIKit.framework */; };
		0BCCA92618C5F1B800CDD38E /* InfoPlist.strings in Resources */ = {isa = PBXBuildFile; fileRef = 0BCCA92418C5F1B800CDD38E /* InfoPlist.strings */; };
		0BCCA92818C5F1B800CDD38E /* HotDoorTests.m in Sources */ = {isa = PBXBuildFile; fileRef = 0BCCA92718C5F1B800CDD38E /* HotDoorTests.m */; };
		0BCCA93318C5F1DB00CDD38E /* HotDoorViewController.m in Sources */ = {isa = PBXBuildFile; fileRef = 0BCCA93218C5F1DB00CDD38E /* HotDoorViewController.m */; };
		0BCCA93618C5F3B100CDD38E /* HotDoorCell.m in Sources */ = {isa = PBXBuildFile; fileRef = 0BCCA93518C5F3B100CDD38E /* HotDoorCell.m */; };
		0BCCA93818C5FD9300CDD38E /* 1.1.png in Resources */ = {isa = PBXBuildFile; fileRef = 0BCCA93718C5FD9300CDD38E /* 1.1.png */; };
		0BCCA93A18C6B6FC00CDD38E /* 1.2.png in Resources */ = {isa = PBXBuildFile; fileRef = 0BCCA93918C6B6FC00CDD38E /* 1.2.png */; };
		0BCCA93C18C6B9DA00CDD38E /* 123.png in Resources */ = {isa = PBXBuildFile; fileRef = 0BCCA93B18C6B9DA00CDD38E /* 123.png */; };
		0BCCA97C18C6D0E000CDD38E /* 日期地点.png in Resources */ = {isa = PBXBuildFile; fileRef = 0BCCA97B18C6D0E000CDD38E /* 日期地点.png */; };
		0BCCA97E18C6D11000CDD38E /* 黑影.png in Resources */ = {isa = PBXBuildFile; fileRef = 0BCCA97D18C6D11000CDD38E /* 黑影.png */; };
/* End PBXBuildFile section */

/* Begin PBXContainerItemProxy section */
		0BCCA91F18C5F1B800CDD38E /* PBXContainerItemProxy */ = {
			isa = PBXContainerItemProxy;
			containerPortal = 0BCCA8F718C5F1B700CDD38E /* Project object */;
			proxyType = 1;
			remoteGlobalIDString = 0BCCA8FE18C5F1B700CDD38E;
			remoteInfo = HotDoor;
		};
/* End PBXContainerItemProxy section */

/* Begin PBXFileReference section */
		0BCCA8FF18C5F1B700CDD38E /* HotDoor.app */ = {isa = PBXFileReference; explicitFileType = wrapper.application; includeInIndex = 0; path = HotDoor.app; sourceTree = BUILT_PRODUCTS_DIR; };
		0BCCA90218C5F1B700CDD38E /* Foundation.framework */ = {isa = PBXFileReference; lastKnownFileType = wrapper.framework; name = Foundation.framework; path = System/Library/Frameworks/Foundation.framework; sourceTree = SDKROOT; };
		0BCCA90418C5F1B700CDD38E /* CoreGraphics.framework */ = {isa = PBXFileReference; lastKnownFileType = wrapper.framework; name = CoreGraphics.framework; path = System/Library/Frameworks/CoreGraphics.framework; sourceTree = SDKROOT; };
		0BCCA90618C5F1B700CDD38E /* UIKit.framework */ = {isa = PBXFileReference; lastKnownFileType = wrapper.framework; name = UIKit.framework; path = System/Library/Frameworks/UIKit.framework; sourceTree = SDKROOT; };
		0BCCA90A18C5F1B700CDD38E /* HotDoor-Info.plist */ = {isa = PBXFileReference; lastKnownFileType = text.plist.xml; path = "HotDoor-Info.plist"; sourceTree = "<group>"; };
		0BCCA90C18C5F1B700CDD38E /* en */ = {isa = PBXFileReference; lastKnownFileType = text.plist.strings; name = en; path = en.lproj/InfoPlist.strings; sourceTree = "<group>"; };
		0BCCA90E18C5F1B700CDD38E /* main.m */ = {isa = PBXFileReference; lastKnownFileType = sourcecode.c.objc; path = main.m; sourceTree = "<group>"; };
		0BCCA91018C5F1B700CDD38E /* HotDoor-Prefix.pch */ = {isa = PBXFileReference; lastKnownFileType = sourcecode.c.h; path = "HotDoor-Prefix.pch"; sourceTree = "<group>"; };
		0BCCA91118C5F1B700CDD38E /* AppDelegate.h */ = {isa = PBXFileReference; lastKnownFileType = sourcecode.c.h; path = AppDelegate.h; sourceTree = "<group>"; };
		0BCCA91218C5F1B700CDD38E /* AppDelegate.m */ = {isa = PBXFileReference; lastKnownFileType = sourcecode.c.objc; path = AppDelegate.m; sourceTree = "<group>"; };
		0BCCA91418C5F1B700CDD38E /* Images.xcassets */ = {isa = PBXFileReference; lastKnownFileType = folder.assetcatalog; path = Images.xcassets; sourceTree = "<group>"; };
		0BCCA91A18C5F1B800CDD38E /* HotDoorTests.xctest */ = {isa = PBXFileReference; explicitFileType = wrapper.cfbundle; includeInIndex = 0; path = HotDoorTests.xctest; sourceTree = BUILT_PRODUCTS_DIR; };
		0BCCA91B18C5F1B800CDD38E /* XCTest.framework */ = {isa = PBXFileReference; lastKnownFileType = wrapper.framework; name = XCTest.framework; path = Library/Frameworks/XCTest.framework; sourceTree = DEVELOPER_DIR; };
		0BCCA92318C5F1B800CDD38E /* HotDoorTests-Info.plist */ = {isa = PBXFileReference; lastKnownFileType = text.plist.xml; path = "HotDoorTests-Info.plist"; sourceTree = "<group>"; };
		0BCCA92518C5F1B800CDD38E /* en */ = {isa = PBXFileReference; lastKnownFileType = text.plist.strings; name = en; path = en.lproj/InfoPlist.strings; sourceTree = "<group>"; };
		0BCCA92718C5F1B800CDD38E /* HotDoorTests.m */ = {isa = PBXFileReference; lastKnownFileType = sourcecode.c.objc; path = HotDoorTests.m; sourceTree = "<group>"; };
		0BCCA93118C5F1DB00CDD38E /* HotDoorViewController.h */ = {isa = PBXFileReference; fileEncoding = 4; lastKnownFileType = sourcecode.c.h; path = HotDoorViewController.h; sourceTree = "<group>"; };
		0BCCA93218C5F1DB00CDD38E /* HotDoorViewController.m */ = {isa = PBXFileReference; fileEncoding = 4; lastKnownFileType = sourcecode.c.objc; path = HotDoorViewController.m; sourceTree = "<group>"; };
		0BCCA93418C5F3B100CDD38E /* HotDoorCell.h */ = {isa = PBXFileReference; fileEncoding = 4; lastKnownFileType = sourcecode.c.h; path = HotDoorCell.h; sourceTree = "<group>"; };
		0BCCA93518C5F3B100CDD38E /* HotDoorCell.m */ = {isa = PBXFileReference; fileEncoding = 4; lastKnownFileType = sourcecode.c.objc; path = HotDoorCell.m; sourceTree = "<group>"; };
		0BCCA93718C5FD9300CDD38E /* 1.1.png */ = {isa = PBXFileReference; lastKnownFileType = image.png; path = 1.1.png; sourceTree = "<group>"; };
		0BCCA93918C6B6FC00CDD38E /* 1.2.png */ = {isa = PBXFileReference; lastKnownFileType = image.png; path = 1.2.png; sourceTree = "<group>"; };
		0BCCA93B18C6B9DA00CDD38E /* 123.png */ = {isa = PBXFileReference; lastKnownFileType = image.png; path = 123.png; sourceTree = "<group>"; };
		0BCCA97B18C6D0E000CDD38E /* 日期地点.png */ = {isa = PBXFileReference; lastKnownFileType = image.png; path = "日期地点.png"; sourceTree = "<group>"; };
		0BCCA97D18C6D11000CDD38E /* 黑影.png */ = {isa = PBXFileReference; lastKnownFileType = image.png; path = "黑影.png"; sourceTree = "<group>"; };
/* End PBXFileReference section */

/* Begin PBXFrameworksBuildPhase section */
		0BCCA8FC18C5F1B700CDD38E /* Frameworks */ = {
			isa = PBXFrameworksBuildPhase;
			buildActionMask = 2147483647;
			files = (
				0BCCA90518C5F1B700CDD38E /* CoreGraphics.framework in Frameworks */,
				0BCCA90718C5F1B700CDD38E /* UIKit.framework in Frameworks */,
				0BCCA90318C5F1B700CDD38E /* Foundation.framework in Frameworks */,
			);
			runOnlyForDeploymentPostprocessing = 0;
		};
		0BCCA91718C5F1B800CDD38E /* Frameworks */ = {
			isa = PBXFrameworksBuildPhase;
			buildActionMask = 2147483647;
			files = (
				0BCCA91C18C5F1B800CDD38E /* XCTest.framework in Frameworks */,
				0BCCA91E18C5F1B800CDD38E /* UIKit.framework in Frameworks */,
				0BCCA91D18C5F1B800CDD38E /* Foundation.framework in Frameworks */,
			);
			runOnlyForDeploymentPostprocessing = 0;
		};
/* End PBXFrameworksBuildPhase section */

/* Begin PBXGroup section */
		0BCCA8F618C5F1B700CDD38E = {
			isa = PBXGroup;
			children = (
				0BCCA90818C5F1B700CDD38E /* HotDoor */,
				0BCCA92118C5F1B800CDD38E /* HotDoorTests */,
				0BCCA90118C5F1B700CDD38E /* Frameworks */,
				0BCCA90018C5F1B700CDD38E /* Products */,
			);
			sourceTree = "<group>";
		};
		0BCCA90018C5F1B700CDD38E /* Products */ = {
			isa = PBXGroup;
			children = (
				0BCCA8FF18C5F1B700CDD38E /* HotDoor.app */,
				0BCCA91A18C5F1B800CDD38E /* HotDoorTests.xctest */,
			);
			name = Products;
			sourceTree = "<group>";
		};
		0BCCA90118C5F1B700CDD38E /* Frameworks */ = {
			isa = PBXGroup;
			children = (
				0BCCA90218C5F1B700CDD38E /* Foundation.framework */,
				0BCCA90418C5F1B700CDD38E /* CoreGraphics.framework */,
				0BCCA90618C5F1B700CDD38E /* UIKit.framework */,
				0BCCA91B18C5F1B800CDD38E /* XCTest.framework */,
			);
			name = Frameworks;
			sourceTree = "<group>";
		};
		0BCCA90818C5F1B700CDD38E /* HotDoor */ = {
			isa = PBXGroup;
			children = (
				0BCCA91118C5F1B700CDD38E /* AppDelegate.h */,
				0BCCA91218C5F1B700CDD38E /* AppDelegate.m */,
				0BCCA93118C5F1DB00CDD38E /* HotDoorViewController.h */,
				0BCCA93218C5F1DB00CDD38E /* HotDoorViewController.m */,
				0BCCA93418C5F3B100CDD38E /* HotDoorCell.h */,
				0BCCA93518C5F3B100CDD38E /* HotDoorCell.m */,
				0BCCA91418C5F1B700CDD38E /* Images.xcassets */,
				0BCCA90918C5F1B700CDD38E /* Supporting Files */,
			);
			path = HotDoor;
			sourceTree = "<group>";
		};
		0BCCA90918C5F1B700CDD38E /* Supporting Files */ = {
			isa = PBXGroup;
			children = (
				0BCCA97D18C6D11000CDD38E /* 黑影.png */,
				0BCCA97B18C6D0E000CDD38E /* 日期地点.png */,
				0BCCA93918C6B6FC00CDD38E /* 1.2.png */,
				0BCCA93718C5FD9300CDD38E /* 1.1.png */,
				0BCCA90A18C5F1B700CDD38E /* HotDoor-Info.plist */,
				0BCCA90B18C5F1B700CDD38E /* InfoPlist.strings */,
				0BCCA93B18C6B9DA00CDD38E /* 123.png */,
				0BCCA90E18C5F1B700CDD38E /* main.m */,
				0BCCA91018C5F1B700CDD38E /* HotDoor-Prefix.pch */,
			);
			name = "Supporting Files";
			sourceTree = "<group>";
		};
		0BCCA92118C5F1B800CDD38E /* HotDoorTests */ = {
			isa = PBXGroup;
			children = (
				0BCCA92718C5F1B800CDD38E /* HotDoorTests.m */,
				0BCCA92218C5F1B800CDD38E /* Supporting Files */,
			);
			path = HotDoorTests;
			sourceTree = "<group>";
		};
		0BCCA92218C5F1B800CDD38E /* Supporting Files */ = {
			isa = PBXGroup;
			children = (
				0BCCA92318C5F1B800CDD38E /* HotDoorTests-Info.plist */,
				0BCCA92418C5F1B800CDD38E /* InfoPlist.strings */,
			);
			name = "Supporting Files";
			sourceTree = "<group>";
		};
/* End PBXGroup section */

/* Begin PBXNativeTarget section */
		0BCCA8FE18C5F1B700CDD38E /* HotDoor */ = {
			isa = PBXNativeTarget;
			buildConfigurationList = 0BCCA92B18C5F1B800CDD38E /* Build configuration list for PBXNativeTarget "HotDoor" */;
			buildPhases = (
				0BCCA8FB18C5F1B700CDD38E /* Sources */,
				0BCCA8FC18C5F1B700CDD38E /* Frameworks */,
				0BCCA8FD18C5F1B700CDD38E /* Resources */,
			);
			buildRules = (
			);
			dependencies = (
			);
			name = HotDoor;
			productName = HotDoor;
			productReference = 0BCCA8FF18C5F1B700CDD38E /* HotDoor.app */;
			productType = "com.apple.product-type.application";
		};
		0BCCA91918C5F1B800CDD38E /* HotDoorTests */ = {
			isa = PBXNativeTarget;
			buildConfigurationList = 0BCCA92E18C5F1B800CDD38E /* Build configuration list for PBXNativeTarget "HotDoorTests" */;
			buildPhases = (
				0BCCA91618C5F1B800CDD38E /* Sources */,
				0BCCA91718C5F1B800CDD38E /* Frameworks */,
				0BCCA91818C5F1B800CDD38E /* Resources */,
			);
			buildRules = (
			);
			dependencies = (
				0BCCA92018C5F1B800CDD38E /* PBXTargetDependency */,
			);
			name = HotDoorTests;
			productName = HotDoorTests;
			productReference = 0BCCA91A18C5F1B800CDD38E /* HotDoorTests.xctest */;
			productType = "com.apple.product-type.bundle.unit-test";
		};
/* End PBXNativeTarget section */

/* Begin PBXProject section */
		0BCCA8F718C5F1B700CDD38E /* Project object */ = {
			isa = PBXProject;
			attributes = {
				LastUpgradeCheck = 0500;
				ORGANIZATIONNAME = "王柏慧";
				TargetAttributes = {
					0BCCA91918C5F1B800CDD38E = {
						TestTargetID = 0BCCA8FE18C5F1B700CDD38E;
					};
				};
			};
			buildConfigurationList = 0BCCA8FA18C5F1B700CDD38E /* Build configuration list for PBXProject "HotDoor" */;
			compatibilityVersion = "Xcode 3.2";
			developmentRegion = English;
			hasScannedForEncodings = 0;
			knownRegions = (
				en,
			);
			mainGroup = 0BCCA8F618C5F1B700CDD38E;
			productRefGroup = 0BCCA90018C5F1B700CDD38E /* Products */;
			projectDirPath = "";
			projectRoot = "";
			targets = (
				0BCCA8FE18C5F1B700CDD38E /* HotDoor */,
				0BCCA91918C5F1B800CDD38E /* HotDoorTests */,
			);
		};
/* End PBXProject section */

/* Begin PBXResourcesBuildPhase section */
		0BCCA8FD18C5F1B700CDD38E /* Resources */ = {
			isa = PBXResourcesBuildPhase;
			buildActionMask = 2147483647;
			files = (
				0BCCA97E18C6D11000CDD38E /* 黑影.png in Resources */,
				0BCCA90D18C5F1B700CDD38E /* InfoPlist.strings in Resources */,
				0BCCA97C18C6D0E000CDD38E /* 日期地点.png in Resources */,
				0BCCA93A18C6B6FC00CDD38E /* 1.2.png in Resources */,
				0BCCA91518C5F1B700CDD38E /* Images.xcassets in Resources */,
				0BCCA93818C5FD9300CDD38E /* 1.1.png in Resources */,
				0BCCA93C18C6B9DA00CDD38E /* 123.png in Resources */,
			);
			runOnlyForDeploymentPostprocessing = 0;
		};
		0BCCA91818C5F1B800CDD38E /* Resources */ = {
			isa = PBXResourcesBuildPhase;
			buildActionMask = 2147483647;
			files = (
				0BCCA92618C5F1B800CDD38E /* InfoPlist.strings in Resources */,
			);
			runOnlyForDeploymentPostprocessing = 0;
		};
/* End PBXResourcesBuildPhase section */

/* Begin PBXSourcesBuildPhase section */
		0BCCA8FB18C5F1B700CDD38E /* Sources */ = {
			isa = PBXSourcesBuildPhase;
			buildActionMask = 2147483647;
			files = (
				0BCCA91318C5F1B700CDD38E /* AppDelegate.m in Sources */,
				0BCCA90F18C5F1B700CDD38E /* main.m in Sources */,
				0BCCA93318C5F1DB00CDD38E /* HotDoorViewController.m in Sources */,
				0BCCA93618C5F3B100CDD38E /* HotDoorCell.m in Sources */,
			);
			runOnlyForDeploymentPostprocessing = 0;
		};
		0BCCA91618C5F1B800CDD38E /* Sources */ = {
			isa = PBXSourcesBuildPhase;
			buildActionMask = 2147483647;
			files = (
				0BCCA92818C5F1B800CDD38E /* HotDoorTests.m in Sources */,
			);
			runOnlyForDeploymentPostprocessing = 0;
		};
/* End PBXSourcesBuildPhase section */

/* Begin PBXTargetDependency section */
		0BCCA92018C5F1B800CDD38E /* PBXTargetDependency */ = {
			isa = PBXTargetDependency;
			target = 0BCCA8FE18C5F1B700CDD38E /* HotDoor */;
			targetProxy = 0BCCA91F18C5F1B800CDD38E /* PBXContainerItemProxy */;
		};
/* End PBXTargetDependency section */

/* Begin PBXVariantGroup section */
		0BCCA90B18C5F1B700CDD38E /* InfoPlist.strings */ = {
			isa = PBXVariantGroup;
			children = (
				0BCCA90C18C5F1B700CDD38E /* en */,
			);
			name = InfoPlist.strings;
			sourceTree = "<group>";
		};
		0BCCA92418C5F1B800CDD38E /* InfoPlist.strings */ = {
			isa = PBXVariantGroup;
			children = (
				0BCCA92518C5F1B800CDD38E /* en */,
			);
			name = InfoPlist.strings;
			sourceTree = "<group>";
		};
/* End PBXVariantGroup section */

/* Begin XCBuildConfiguration section */
		0BCCA92918C5F1B800CDD38E /* Debug */ = {
			isa = XCBuildConfiguration;
			buildSettings = {
				ALWAYS_SEARCH_USER_PATHS = NO;
				ARCHS = "$(ARCHS_STANDARD_INCLUDING_64_BIT)";
				CLANG_CXX_LANGUAGE_STANDARD = "gnu++0x";
				CLANG_CXX_LIBRARY = "libc++";
				CLANG_ENABLE_MODULES = YES;
				CLANG_ENABLE_OBJC_ARC = YES;
				CLANG_WARN_BOOL_CONVERSION = YES;
				CLANG_WARN_CONSTANT_CONVERSION = YES;
				CLANG_WARN_DIRECT_OBJC_ISA_USAGE = YES_ERROR;
				CLANG_WARN_EMPTY_BODY = YES;
				CLANG_WARN_ENUM_CONVERSION = YES;
				CLANG_WARN_INT_CONVERSION = YES;
				CLANG_WARN_OBJC_ROOT_CLASS = YES_ERROR;
				CLANG_WARN__DUPLICATE_METHOD_MATCH = YES;
				"CODE_SIGN_IDENTITY[sdk=iphoneos*]" = "iPhone Developer";
				COPY_PHASE_STRIP = NO;
				GCC_C_LANGUAGE_STANDARD = gnu99;
				GCC_DYNAMIC_NO_PIC = NO;
				GCC_OPTIMIZATION_LEVEL = 0;
				GCC_PREPROCESSOR_DEFINITIONS = (
					"DEBUG=1",
					"$(inherited)",
				);
				GCC_SYMBOLS_PRIVATE_EXTERN = NO;
				GCC_WARN_64_TO_32_BIT_CONVERSION = YES;
				GCC_WARN_ABOUT_RETURN_TYPE = YES_ERROR;
				GCC_WARN_UNDECLARED_SELECTOR = YES;
				GCC_WARN_UNINITIALIZED_AUTOS = YES;
				GCC_WARN_UNUSED_FUNCTION = YES;
				GCC_WARN_UNUSED_VARIABLE = YES;
				IPHONEOS_DEPLOYMENT_TARGET = 7.0;
				ONLY_ACTIVE_ARCH = YES;
				SDKROOT = iphoneos;
			};
			name = Debug;
		};
		0BCCA92A18C5F1B800CDD38E /* Release */ = {
			isa = XCBuildConfiguration;
			buildSettings = {
				ALWAYS_SEARCH_USER_PATHS = NO;
				ARCHS = "$(ARCHS_STANDARD_INCLUDING_64_BIT)";
				CLANG_CXX_LANGUAGE_STANDARD = "gnu++0x";
				CLANG_CXX_LIBRARY = "libc++";
				CLANG_ENABLE_MODULES = YES;
				CLANG_ENABLE_OBJC_ARC = YES;
				CLANG_WARN_BOOL_CONVERSION = YES;
				CLANG_WARN_CONSTANT_CONVERSION = YES;
				CLANG_WARN_DIRECT_OBJC_ISA_USAGE = YES_ERROR;
				CLANG_WARN_EMPTY_BODY = YES;
				CLANG_WARN_ENUM_CONVERSION = YES;
				CLANG_WARN_INT_CONVERSION = YES;
				CLANG_WARN_OBJC_ROOT_CLASS = YES_ERROR;
				CLANG_WARN__DUPLICATE_METHOD_MATCH = YES;
				"CODE_SIGN_IDENTITY[sdk=iphoneos*]" = "iPhone Developer";
				COPY_PHASE_STRIP = YES;
				ENABLE_NS_ASSERTIONS = NO;
				GCC_C_LANGUAGE_STANDARD = gnu99;
				GCC_WARN_64_TO_32_BIT_CONVERSION = YES;
				GCC_WARN_ABOUT_RETURN_TYPE = YES_ERROR;
				GCC_WARN_UNDECLARED_SELECTOR = YES;
				GCC_WARN_UNINITIALIZED_AUTOS = YES;
				GCC_WARN_UNUSED_FUNCTION = YES;
				GCC_WARN_UNUSED_VARIABLE = YES;
				IPHONEOS_DEPLOYMENT_TARGET = 7.0;
				SDKROOT = iphoneos;
				VALIDATE_PRODUCT = YES;
			};
			name = Release;
		};
		0BCCA92C18C5F1B800CDD38E /* Debug */ = {
			isa = XCBuildConfiguration;
			buildSettings = {
				ASSETCATALOG_COMPILER_APPICON_NAME = AppIcon;
				ASSETCATALOG_COMPILER_LAUNCHIMAGE_NAME = LaunchImage;
				CLANG_ENABLE_OBJC_ARC = NO;
				GCC_PRECOMPILE_PREFIX_HEADER = YES;
				GCC_PREFIX_HEADER = "HotDoor/HotDoor-Prefix.pch";
				INFOPLIST_FILE = "HotDoor/HotDoor-Info.plist";
				PRODUCT_NAME = "$(TARGET_NAME)";
				WRAPPER_EXTENSION = app;
			};
			name = Debug;
		};
		0BCCA92D18C5F1B800CDD38E /* Release */ = {
			isa = XCBuildConfiguration;
			buildSettings = {
				ASSETCATALOG_COMPILER_APPICON_NAME = AppIcon;
				ASSETCATALOG_COMPILER_LAUNCHIMAGE_NAME = LaunchImage;
				CLANG_ENABLE_OBJC_ARC = NO;
				GCC_PRECOMPILE_PREFIX_HEADER = YES;
				GCC_PREFIX_HEADER = "HotDoor/HotDoor-Prefix.pch";
				INFOPLIST_FILE = "HotDoor/HotDoor-Info.plist";
				PRODUCT_NAME = "$(TARGET_NAME)";
				WRAPPER_EXTENSION = app;
			};
			name = Release;
		};
		0BCCA92F18C5F1B800CDD38E /* Debug */ = {
			isa = XCBuildConfiguration;
			buildSettings = {
				ARCHS = "$(ARCHS_STANDARD_INCLUDING_64_BIT)";
				BUNDLE_LOADER = "$(BUILT_PRODUCTS_DIR)/HotDoor.app/HotDoor";
				FRAMEWORK_SEARCH_PATHS = (
					"$(SDKROOT)/Developer/Library/Frameworks",
					"$(inherited)",
					"$(DEVELOPER_FRAMEWORKS_DIR)",
				);
				GCC_PRECOMPILE_PREFIX_HEADER = YES;
				GCC_PREFIX_HEADER = "HotDoor/HotDoor-Prefix.pch";
				GCC_PREPROCESSOR_DEFINITIONS = (
					"DEBUG=1",
					"$(inherited)",
				);
				INFOPLIST_FILE = "HotDoorTests/HotDoorTests-Info.plist";
				PRODUCT_NAME = "$(TARGET_NAME)";
				TEST_HOST = "$(BUNDLE_LOADER)";
				WRAPPER_EXTENSION = xctest;
			};
			name = Debug;
		};
		0BCCA93018C5F1B800CDD38E /* Release */ = {
			isa = XCBuildConfiguration;
			buildSettings = {
				ARCHS = "$(ARCHS_STANDARD_INCLUDING_64_BIT)";
				BUNDLE_LOADER = "$(BUILT_PRODUCTS_DIR)/HotDoor.app/HotDoor";
				FRAMEWORK_SEARCH_PATHS = (
					"$(SDKROOT)/Developer/Library/Frameworks",
					"$(inherited)",
					"$(DEVELOPER_FRAMEWORKS_DIR)",
				);
				GCC_PRECOMPILE_PREFIX_HEADER = YES;
				GCC_PREFIX_HEADER = "HotDoor/HotDoor-Prefix.pch";
				INFOPLIST_FILE = "HotDoorTests/HotDoorTests-Info.plist";
				PRODUCT_NAME = "$(TARGET_NAME)";
				TEST_HOST = "$(BUNDLE_LOADER)";
				WRAPPER_EXTENSION = xctest;
			};
			name = Release;
		};
/* End XCBuildConfiguration section */

/* Begin XCConfigurationList section */
		0BCCA8FA18C5F1B700CDD38E /* Build configuration list for PBXProject "HotDoor" */ = {
			isa = XCConfigurationList;
			buildConfigurations = (
				0BCCA92918C5F1B800CDD38E /* Debug */,
				0BCCA92A18C5F1B800CDD38E /* Release */,
			);
			defaultConfigurationIsVisible = 0;
			defaultConfigurationName = Release;
		};
		0BCCA92B18C5F1B800CDD38E /* Build configuration list for PBXNativeTarget "HotDoor" */ = {
			isa = XCConfigurationList;
			buildConfigurations = (
				0BCCA92C18C5F1B800CDD38E /* Debug */,
				0BCCA92D18C5F1B800CDD38E /* Release */,
			);
			defaultConfigurationIsVisible = 0;
			defaultConfigurationName = Release;
		};
		0BCCA92E18C5F1B800CDD38E /* Build configuration list for PBXNativeTarget "HotDoorTests" */ = {
			isa = XCConfigurationList;
			buildConfigurations = (
				0BCCA92F18C5F1B800CDD38E /* Debug */,
				0BCCA93018C5F1B800CDD38E /* Release */,
			);
			defaultConfigurationIsVisible = 0;
			defaultConfigurationName = Release;
		};
/* End XCConfigurationList section */
	};
	rootObject = 0BCCA8F718C5F1B700CDD38E /* Project object */;
}
